
Microsoft Visual Studio Solution File, Format Version 12.00
# Visual Studio Version 17
VisualStudioVersion = 17.4.33403.182
MinimumVisualStudioVersion = 10.0.40219.1
Project("{FAE04EC0-301F-11D3-BF4B-00C04F79EFBC}") = "Type Conversion", "Type Conversion.csproj", "{CEF14525-1228-41AE-9829-8261E1351EE8}"
EndProject
Global
	GlobalSection(SolutionConfigurationPlatforms) = preSolution
		Debug|Any CPU = Debug|Any CPU
		Release|Any CPU = Release|Any CPU
	EndGlobalSection
	GlobalSection(ProjectConfigurationPlatforms) = postSolution
		{CEF14525-1228-41AE-9829-8261E1351EE8}.Debug|Any CPU.ActiveCfg = Debug|Any CPU
		{CEF14525-1228-41AE-9829-8261E1351EE8}.Debug|Any CPU.Build.0 = Debug|Any CPU
		{CEF14525-1228-41AE-9829-8261E1351EE8}.Release|Any CPU.ActiveCfg = Release|Any CPU
		{CEF14525-1228-41AE-9829-8261E1351EE8}.Release|Any CPU.Build.0 = Release|Any CPU
	EndGlobalSection
	GlobalSection(SolutionProperties) = preSolution
		HideSolutionNode = FALSE
	EndGlobalSection
	GlobalSection(ExtensibilityGlobals) = postSolution
		SolutionGuid = {2446A85D-BD7A-4E92-9A07-E5F887B9FB34}
	EndGlobalSection
EndGlobal
